PODS:
  - OMKit (1.0.0):
    - SDWebImage (~> 4.0)
    - XZKit
  - SDWebImage (4.0.0):
    - SDWebImage/Core (= 4.0.0)
  - SDWebImage/Core (4.0.0)
  - XZKit (2.0.8)

DEPENDENCIES:
  - OMKit (from `../`)
  - XZKit

EXTERNAL SOURCES:
  OMKit:
    :path: ../

SPEC CHECKSUMS:
  OMKit: 1a41fd4fb509ad46e8dbd2f96861d8f600f01abd
  SDWebImage: 76a6348bdc74eb5a55dd08a091ef298e56b55e41
  XZKit: a22e5cf600a15000a486c0cb41c103d6aac8ab2c

PODFILE CHECKSUM: 14a18d000c211cd981e0ba4e4bef550c84169788

COCOAPODS: 1.2.1
